// !$*UTF8*$!
{
	archiveVersion = 1;
	classes = {
	};
	objectVersion = 50;
	objects = {

/* Begin PBXBuildFile section */
		16B16565267F5660000B9ABD /* AppDelegate.swift in Sources */ = {isa = PBXBuildFile; fileRef = 16B16564267F5660000B9ABD /* AppDelegate.swift */; };
		16B16576267F634D000B9ABD /* MetalView.swift in Sources */ = {isa = PBXBuildFile; fileRef = 16B16575267F634D000B9ABD /* MetalView.swift */; };
		16B16578267F7C67000B9ABD /* Main.storyboard in Resources */ = {isa = PBXBuildFile; fileRef = 16B1656A267F5661000B9ABD /* Main.storyboard */; };
		16B1657A267F7CC9000B9ABD /* Assets.xcassets in Resources */ = {isa = PBXBuildFile; fileRef = 16B16568267F5661000B9ABD /* Assets.xcassets */; };
		16B1657D2691958A000B9ABD /* Renderer.swift in Sources */ = {isa = PBXBuildFile; fileRef = 16B1657C2691958A000B9ABD /* Renderer.swift */; };
		16B1658126919B45000B9ABD /* Shaders.metal in Sources */ = {isa = PBXBuildFile; fileRef = 16B1658026919B45000B9ABD /* Shaders.metal */; };
		16B165832730B5FC000B9ABD /* Types.swift in Sources */ = {isa = PBXBuildFile; fileRef = 16B165822730B5FC000B9ABD /* Types.swift */; };
		16B165852730BC5C000B9ABD /* Preferences.swift in Sources */ = {isa = PBXBuildFile; fileRef = 16B165842730BC5C000B9ABD /* Preferences.swift */; };
		16B165872730BE14000B9ABD /* Scene.swift in Sources */ = {isa = PBXBuildFile; fileRef = 16B165862730BE14000B9ABD /* Scene.swift */; };
		16B165892730BF5A000B9ABD /* Camera.swift in Sources */ = {isa = PBXBuildFile; fileRef = 16B165882730BF5A000B9ABD /* Camera.swift */; };
		16B1658B2730C00A000B9ABD /* Node.swift in Sources */ = {isa = PBXBuildFile; fileRef = 16B1658A2730C00A000B9ABD /* Node.swift */; };
		16B1658D2730C1F3000B9ABD /* Maths.swift in Sources */ = {isa = PBXBuildFile; fileRef = 16B1658C2730C1F3000B9ABD /* Maths.swift */; };
		16B1658F2730C755000B9ABD /* BasicScene.swift in Sources */ = {isa = PBXBuildFile; fileRef = 16B1658E2730C755000B9ABD /* BasicScene.swift */; };
		16B165912730C7D1000B9ABD /* InputHandler.swift in Sources */ = {isa = PBXBuildFile; fileRef = 16B165902730C7D1000B9ABD /* InputHandler.swift */; };
		16B165932730C85E000B9ABD /* Instances.swift in Sources */ = {isa = PBXBuildFile; fileRef = 16B165922730C85E000B9ABD /* Instances.swift */; };
		16B165952730C933000B9ABD /* Model.swift in Sources */ = {isa = PBXBuildFile; fileRef = 16B165942730C933000B9ABD /* Model.swift */; };
		16B165972730C982000B9ABD /* Primitive.swift in Sources */ = {isa = PBXBuildFile; fileRef = 16B165962730C982000B9ABD /* Primitive.swift */; };
		16B165992730CA79000B9ABD /* Terrain.swift in Sources */ = {isa = PBXBuildFile; fileRef = 16B165982730CA79000B9ABD /* Terrain.swift */; };
		16B1659B2730CAD4000B9ABD /* TerrainScene.swift in Sources */ = {isa = PBXBuildFile; fileRef = 16B1659A2730CAD4000B9ABD /* TerrainScene.swift */; };
		16B1659F2730CC74000B9ABD /* Renderable.swift in Sources */ = {isa = PBXBuildFile; fileRef = 16B1659D2730CC74000B9ABD /* Renderable.swift */; };
		16B165A02730CC74000B9ABD /* Texturable.swift in Sources */ = {isa = PBXBuildFile; fileRef = 16B1659E2730CC74000B9ABD /* Texturable.swift */; };
		16B165A92730CC88000B9ABD /* smiley-face.png in Resources */ = {isa = PBXBuildFile; fileRef = 16B165A12730CC88000B9ABD /* smiley-face.png */; };
		16B165AA2730CC88000B9ABD /* stone.png in Resources */ = {isa = PBXBuildFile; fileRef = 16B165A22730CC88000B9ABD /* stone.png */; };
		16B165AB2730CC88000B9ABD /* sun copy.obj in Resources */ = {isa = PBXBuildFile; fileRef = 16B165A32730CC88000B9ABD /* sun copy.obj */; };
		16B165AC2730CC88000B9ABD /* f16.obj in Resources */ = {isa = PBXBuildFile; fileRef = 16B165A42730CC88000B9ABD /* f16.obj */; };
		16B165AD2730CC88000B9ABD /* F16s.bmp in Resources */ = {isa = PBXBuildFile; fileRef = 16B165A52730CC88000B9ABD /* F16s.bmp */; };
		16B165AE2730CC88000B9ABD /* f16 copy.obj in Resources */ = {isa = PBXBuildFile; fileRef = 16B165A62730CC88000B9ABD /* f16 copy.obj */; };
		16B165AF2730CC88000B9ABD /* sun.obj in Resources */ = {isa = PBXBuildFile; fileRef = 16B165A72730CC88000B9ABD /* sun.obj */; };
		16B165B02730CC88000B9ABD /* armadillo.obj in Resources */ = {isa = PBXBuildFile; fileRef = 16B165A82730CC88000B9ABD /* armadillo.obj */; };
/* End PBXBuildFile section */

/* Begin PBXFileReference section */
		16B16561267F5660000B9ABD /* MyFirstMetalProgram.app */ = {isa = PBXFileReference; explicitFileType = wrapper.application; includeInIndex = 0; path = MyFirstMetalProgram.app; sourceTree = BUILT_PRODUCTS_DIR; };
		16B16564267F5660000B9ABD /* AppDelegate.swift */ = {isa = PBXFileReference; lastKnownFileType = sourcecode.swift; path = AppDelegate.swift; sourceTree = "<group>"; };
		16B16568267F5661000B9ABD /* Assets.xcassets */ = {isa = PBXFileReference; lastKnownFileType = folder.assetcatalog; path = Assets.xcassets; sourceTree = "<group>"; };
		16B1656B267F5661000B9ABD /* Base */ = {isa = PBXFileReference; lastKnownFileType = file.storyboard; name = Base; path = Base.lproj/Main.storyboard; sourceTree = "<group>"; };
		16B1656D267F5661000B9ABD /* Info.plist */ = {isa = PBXFileReference; lastKnownFileType = text.plist.xml; path = Info.plist; sourceTree = "<group>"; };
		16B1656E267F5661000B9ABD /* MyFirstMetalProgram.entitlements */ = {isa = PBXFileReference; lastKnownFileType = text.plist.entitlements; path = MyFirstMetalProgram.entitlements; sourceTree = "<group>"; };
		16B16575267F634D000B9ABD /* MetalView.swift */ = {isa = PBXFileReference; lastKnownFileType = sourcecode.swift; path = MetalView.swift; sourceTree = "<group>"; };
		16B1657C2691958A000B9ABD /* Renderer.swift */ = {isa = PBXFileReference; lastKnownFileType = sourcecode.swift; path = Renderer.swift; sourceTree = "<group>"; };
		16B1658026919B45000B9ABD /* Shaders.metal */ = {isa = PBXFileReference; lastKnownFileType = sourcecode.metal; path = Shaders.metal; sourceTree = "<group>"; };
		16B165822730B5FC000B9ABD /* Types.swift */ = {isa = PBXFileReference; lastKnownFileType = sourcecode.swift; path = Types.swift; sourceTree = "<group>"; };
		16B165842730BC5C000B9ABD /* Preferences.swift */ = {isa = PBXFileReference; lastKnownFileType = sourcecode.swift; path = Preferences.swift; sourceTree = "<group>"; };
		16B165862730BE14000B9ABD /* Scene.swift */ = {isa = PBXFileReference; lastKnownFileType = sourcecode.swift; path = Scene.swift; sourceTree = "<group>"; };
		16B165882730BF5A000B9ABD /* Camera.swift */ = {isa = PBXFileReference; lastKnownFileType = sourcecode.swift; path = Camera.swift; sourceTree = "<group>"; };
		16B1658A2730C00A000B9ABD /* Node.swift */ = {isa = PBXFileReference; lastKnownFileType = sourcecode.swift; path = Node.swift; sourceTree = "<group>"; };
		16B1658C2730C1F3000B9ABD /* Maths.swift */ = {isa = PBXFileReference; lastKnownFileType = sourcecode.swift; path = Maths.swift; sourceTree = "<group>"; };
		16B1658E2730C755000B9ABD /* BasicScene.swift */ = {isa = PBXFileReference; lastKnownFileType = sourcecode.swift; path = BasicScene.swift; sourceTree = "<group>"; };
		16B165902730C7D1000B9ABD /* InputHandler.swift */ = {isa = PBXFileReference; lastKnownFileType = sourcecode.swift; path = InputHandler.swift; sourceTree = "<group>"; };
		16B165922730C85E000B9ABD /* Instances.swift */ = {isa = PBXFileReference; lastKnownFileType = sourcecode.swift; path = Instances.swift; sourceTree = "<group>"; };
		16B165942730C933000B9ABD /* Model.swift */ = {isa = PBXFileReference; lastKnownFileType = sourcecode.swift; path = Model.swift; sourceTree = "<group>"; };
		16B165962730C982000B9ABD /* Primitive.swift */ = {isa = PBXFileReference; lastKnownFileType = sourcecode.swift; path = Primitive.swift; sourceTree = "<group>"; };
		16B165982730CA79000B9ABD /* Terrain.swift */ = {isa = PBXFileReference; lastKnownFileType = sourcecode.swift; path = Terrain.swift; sourceTree = "<group>"; };
		16B1659A2730CAD4000B9ABD /* TerrainScene.swift */ = {isa = PBXFileReference; lastKnownFileType = sourcecode.swift; path = TerrainScene.swift; sourceTree = "<group>"; };
		16B1659D2730CC74000B9ABD /* Renderable.swift */ = {isa = PBXFileReference; fileEncoding = 4; lastKnownFileType = sourcecode.swift; path = Renderable.swift; sourceTree = "<group>"; };
		16B1659E2730CC74000B9ABD /* Texturable.swift */ = {isa = PBXFileReference; fileEncoding = 4; lastKnownFileType = sourcecode.swift; path = Texturable.swift; sourceTree = "<group>"; };
		16B165A12730CC88000B9ABD /* smiley-face.png */ = {isa = PBXFileReference; lastKnownFileType = image.png; path = "smiley-face.png"; sourceTree = "<group>"; };
		16B165A22730CC88000B9ABD /* stone.png */ = {isa = PBXFileReference; lastKnownFileType = image.png; path = stone.png; sourceTree = "<group>"; };
		16B165A32730CC88000B9ABD /* sun copy.obj */ = {isa = PBXFileReference; fileEncoding = 4; lastKnownFileType = text; path = "sun copy.obj"; sourceTree = "<group>"; };
		16B165A42730CC88000B9ABD /* f16.obj */ = {isa = PBXFileReference; fileEncoding = 4; lastKnownFileType = text; path = f16.obj; sourceTree = "<group>"; };
		16B165A52730CC88000B9ABD /* F16s.bmp */ = {isa = PBXFileReference; lastKnownFileType = image.bmp; path = F16s.bmp; sourceTree = "<group>"; };
		16B165A62730CC88000B9ABD /* f16 copy.obj */ = {isa = PBXFileReference; fileEncoding = 4; lastKnownFileType = text; path = "f16 copy.obj"; sourceTree = "<group>"; };
		16B165A72730CC88000B9ABD /* sun.obj */ = {isa = PBXFileReference; fileEncoding = 4; lastKnownFileType = text; path = sun.obj; sourceTree = "<group>"; };
		16B165A82730CC88000B9ABD /* armadillo.obj */ = {isa = PBXFileReference; fileEncoding = 4; lastKnownFileType = text; path = armadillo.obj; sourceTree = "<group>"; };
/* End PBXFileReference section */

/* Begin PBXFrameworksBuildPhase section */
		16B1655E267F5660000B9ABD /* Frameworks */ = {
			isa = PBXFrameworksBuildPhase;
			buildActionMask = 2147483647;
			files = (
			);
			runOnlyForDeploymentPostprocessing = 0;
		};
/* End PBXFrameworksBuildPhase section */

/* Begin PBXGroup section */
		16B16558267F5660000B9ABD = {
			isa = PBXGroup;
			children = (
				16B16563267F5660000B9ABD /* MyFirstMetalProgram */,
				16B16562267F5660000B9ABD /* Products */,
			);
			sourceTree = "<group>";
		};
		16B16562267F5660000B9ABD /* Products */ = {
			isa = PBXGroup;
			children = (
				16B16561267F5660000B9ABD /* MyFirstMetalProgram.app */,
			);
			name = Products;
			sourceTree = "<group>";
		};
		16B16563267F5660000B9ABD /* MyFirstMetalProgram */ = {
			isa = PBXGroup;
			children = (
				16B165A82730CC88000B9ABD /* armadillo.obj */,
				16B165A62730CC88000B9ABD /* f16 copy.obj */,
				16B165A42730CC88000B9ABD /* f16.obj */,
				16B165A52730CC88000B9ABD /* F16s.bmp */,
				16B165A12730CC88000B9ABD /* smiley-face.png */,
				16B165A22730CC88000B9ABD /* stone.png */,
				16B165A32730CC88000B9ABD /* sun copy.obj */,
				16B165A72730CC88000B9ABD /* sun.obj */,
				16B1659C2730CC74000B9ABD /* Protocols */,
				16B16564267F5660000B9ABD /* AppDelegate.swift */,
				16B16568267F5661000B9ABD /* Assets.xcassets */,
				16B1656A267F5661000B9ABD /* Main.storyboard */,
				16B1656E267F5661000B9ABD /* MyFirstMetalProgram.entitlements */,
				16B1656D267F5661000B9ABD /* Info.plist */,
				16B16575267F634D000B9ABD /* MetalView.swift */,
				16B1657C2691958A000B9ABD /* Renderer.swift */,
				16B1658026919B45000B9ABD /* Shaders.metal */,
				16B165822730B5FC000B9ABD /* Types.swift */,
				16B165842730BC5C000B9ABD /* Preferences.swift */,
				16B165862730BE14000B9ABD /* Scene.swift */,
				16B165882730BF5A000B9ABD /* Camera.swift */,
				16B1658A2730C00A000B9ABD /* Node.swift */,
				16B1658C2730C1F3000B9ABD /* Maths.swift */,
				16B1658E2730C755000B9ABD /* BasicScene.swift */,
				16B165902730C7D1000B9ABD /* InputHandler.swift */,
				16B165922730C85E000B9ABD /* Instances.swift */,
				16B165942730C933000B9ABD /* Model.swift */,
				16B165962730C982000B9ABD /* Primitive.swift */,
				16B165982730CA79000B9ABD /* Terrain.swift */,
				16B1659A2730CAD4000B9ABD /* TerrainScene.swift */,
			);
			path = MyFirstMetalProgram;
			sourceTree = "<group>";
		};
		16B1659C2730CC74000B9ABD /* Protocols */ = {
			isa = PBXGroup;
			children = (
				16B1659D2730CC74000B9ABD /* Renderable.swift */,
				16B1659E2730CC74000B9ABD /* Texturable.swift */,
			);
			path = Protocols;
			sourceTree = "<group>";
		};
/* End PBXGroup section */

/* Begin PBXNativeTarget section */
		16B16560267F5660000B9ABD /* MyFirstMetalProgram */ = {
			isa = PBXNativeTarget;
			buildConfigurationList = 16B16571267F5661000B9ABD /* Build configuration list for PBXNativeTarget "MyFirstMetalProgram" */;
			buildPhases = (
				16B1655D267F5660000B9ABD /* Sources */,
				16B1655E267F5660000B9ABD /* Frameworks */,
				16B1655F267F5660000B9ABD /* Resources */,
			);
			buildRules = (
			);
			dependencies = (
			);
			name = MyFirstMetalProgram;
			productName = MyFirstMetalProgram;
			productReference = 16B16561267F5660000B9ABD /* MyFirstMetalProgram.app */;
			productType = "com.apple.product-type.application";
		};
/* End PBXNativeTarget section */

/* Begin PBXProject section */
		16B16559267F5660000B9ABD /* Project object */ = {
			isa = PBXProject;
			attributes = {
				LastSwiftUpdateCheck = 1250;
				LastUpgradeCheck = 1250;
				TargetAttributes = {
					16B16560267F5660000B9ABD = {
						CreatedOnToolsVersion = 12.5;
					};
				};
			};
			buildConfigurationList = 16B1655C267F5660000B9ABD /* Build configuration list for PBXProject "MyFirstMetalProgram" */;
			compatibilityVersion = "Xcode 9.3";
			developmentRegion = en;
			hasScannedForEncodings = 0;
			knownRegions = (
				en,
				Base,
			);
			mainGroup = 16B16558267F5660000B9ABD;
			productRefGroup = 16B16562267F5660000B9ABD /* Products */;
			projectDirPath = "";
			projectRoot = "";
			targets = (
				16B16560267F5660000B9ABD /* MyFirstMetalProgram */,
			);
		};
/* End PBXProject section */

/* Begin PBXResourcesBuildPhase section */
		16B1655F267F5660000B9ABD /* Resources */ = {
			isa = PBXResourcesBuildPhase;
			buildActionMask = 2147483647;
			files = (
				16B165AD2730CC88000B9ABD /* F16s.bmp in Resources */,
				16B165AB2730CC88000B9ABD /* sun copy.obj in Resources */,
				16B1657A267F7CC9000B9ABD /* Assets.xcassets in Resources */,
				16B165B02730CC88000B9ABD /* armadillo.obj in Resources */,
				16B165AF2730CC88000B9ABD /* sun.obj in Resources */,
				16B165AA2730CC88000B9ABD /* stone.png in Resources */,
				16B165AC2730CC88000B9ABD /* f16.obj in Resources */,
				16B165AE2730CC88000B9ABD /* f16 copy.obj in Resources */,
				16B16578267F7C67000B9ABD /* Main.storyboard in Resources */,
				16B165A92730CC88000B9ABD /* smiley-face.png in Resources */,
			);
			runOnlyForDeploymentPostprocessing = 0;
		};
/* End PBXResourcesBuildPhase section */

/* Begin PBXSourcesBuildPhase section */
		16B1655D267F5660000B9ABD /* Sources */ = {
			isa = PBXSourcesBuildPhase;
			buildActionMask = 2147483647;
			files = (
				16B165892730BF5A000B9ABD /* Camera.swift in Sources */,
				16B1658126919B45000B9ABD /* Shaders.metal in Sources */,
				16B16576267F634D000B9ABD /* MetalView.swift in Sources */,
				16B1659F2730CC74000B9ABD /* Renderable.swift in Sources */,
				16B1658D2730C1F3000B9ABD /* Maths.swift in Sources */,
				16B165972730C982000B9ABD /* Primitive.swift in Sources */,
				16B165912730C7D1000B9ABD /* InputHandler.swift in Sources */,
				16B165852730BC5C000B9ABD /* Preferences.swift in Sources */,
				16B165A02730CC74000B9ABD /* Texturable.swift in Sources */,
				16B1657D2691958A000B9ABD /* Renderer.swift in Sources */,
				16B165952730C933000B9ABD /* Model.swift in Sources */,
				16B165932730C85E000B9ABD /* Instances.swift in Sources */,
				16B165872730BE14000B9ABD /* Scene.swift in Sources */,
				16B1659B2730CAD4000B9ABD /* TerrainScene.swift in Sources */,
				16B165832730B5FC000B9ABD /* Types.swift in Sources */,
				16B1658B2730C00A000B9ABD /* Node.swift in Sources */,
				16B165992730CA79000B9ABD /* Terrain.swift in Sources */,
				16B16565267F5660000B9ABD /* AppDelegate.swift in Sources */,
				16B1658F2730C755000B9ABD /* BasicScene.swift in Sources */,
			);
			runOnlyForDeploymentPostprocessing = 0;
		};
/* End PBXSourcesBuildPhase section */

/* Begin PBXVariantGroup section */
		16B1656A267F5661000B9ABD /* Main.storyboard */ = {
			isa = PBXVariantGroup;
			children = (
				16B1656B267F5661000B9ABD /* Base */,
			);
			name = Main.storyboard;
			sourceTree = "<group>";
		};
/* End PBXVariantGroup section */

/* Begin XCBuildConfiguration section */
		16B1656F267F5661000B9ABD /* Debug */ = {
			isa = XCBuildConfiguration;
			buildSettings = {
				ALWAYS_SEARCH_USER_PATHS = NO;
				CLANG_ANALYZER_NONNULL = YES;
				CLANG_ANALYZER_NUMBER_OBJECT_CONVERSION = YES_AGGRESSIVE;
				CLANG_CXX_LANGUAGE_STANDARD = "gnu++14";
				CLANG_CXX_LIBRARY = "libc++";
				CLANG_ENABLE_MODULES = YES;
				CLANG_ENABLE_OBJC_ARC = YES;
				CLANG_ENABLE_OBJC_WEAK = YES;
				CLANG_WARN_BLOCK_CAPTURE_AUTORELEASING = YES;
				CLANG_WARN_BOOL_CONVERSION = YES;
				CLANG_WARN_COMMA = YES;
				CLANG_WARN_CONSTANT_CONVERSION = YES;
				CLANG_WARN_DEPRECATED_OBJC_IMPLEMENTATIONS = YES;
				CLANG_WARN_DIRECT_OBJC_ISA_USAGE = YES_ERROR;
				CLANG_WARN_DOCUMENTATION_COMMENTS = YES;
				CLANG_WARN_EMPTY_BODY = YES;
				CLANG_WARN_ENUM_CONVERSION = YES;
				CLANG_WARN_INFINITE_RECURSION = YES;
				CLANG_WARN_INT_CONVERSION = YES;
				CLANG_WARN_NON_LITERAL_NULL_CONVERSION = YES;
				CLANG_WARN_OBJC_IMPLICIT_RETAIN_SELF = YES;
				CLANG_WARN_OBJC_LITERAL_CONVERSION = YES;
				CLANG_WARN_OBJC_ROOT_CLASS = YES_ERROR;
				CLANG_WARN_QUOTED_INCLUDE_IN_FRAMEWORK_HEADER = YES;
				CLANG_WARN_RANGE_LOOP_ANALYSIS = YES;
				CLANG_WARN_STRICT_PROTOTYPES = YES;
				CLANG_WARN_SUSPICIOUS_MOVE = YES;
				CLANG_WARN_UNGUARDED_AVAILABILITY = YES_AGGRESSIVE;
				CLANG_WARN_UNREACHABLE_CODE = YES;
				CLANG_WARN__DUPLICATE_METHOD_MATCH = YES;
				COPY_PHASE_STRIP = NO;
				DEBUG_INFORMATION_FORMAT = dwarf;
				ENABLE_STRICT_OBJC_MSGSEND = YES;
				ENABLE_TESTABILITY = YES;
				GCC_C_LANGUAGE_STANDARD = gnu11;
				GCC_DYNAMIC_NO_PIC = NO;
				GCC_NO_COMMON_BLOCKS = YES;
				GCC_OPTIMIZATION_LEVEL = 0;
				GCC_PREPROCESSOR_DEFINITIONS = (
					"DEBUG=1",
					"$(inherited)",
				);
				GCC_WARN_64_TO_32_BIT_CONVERSION = YES;
				GCC_WARN_ABOUT_RETURN_TYPE = YES_ERROR;
				GCC_WARN_UNDECLARED_SELECTOR = YES;
				GCC_WARN_UNINITIALIZED_AUTOS = YES_AGGRESSIVE;
				GCC_WARN_UNUSED_FUNCTION = YES;
				GCC_WARN_UNUSED_VARIABLE = YES;
				MACOSX_DEPLOYMENT_TARGET = 11.1;
				MTL_ENABLE_DEBUG_INFO = INCLUDE_SOURCE;
				MTL_FAST_MATH = YES;
				ONLY_ACTIVE_ARCH = YES;
				SDKROOT = macosx;
				SWIFT_ACTIVE_COMPILATION_CONDITIONS = DEBUG;
				SWIFT_OPTIMIZATION_LEVEL = "-Onone";
			};
			name = Debug;
		};
		16B16570267F5661000B9ABD /* Release */ = {
			isa = XCBuildConfiguration;
			buildSettings = {
				ALWAYS_SEARCH_USER_PATHS = NO;
				CLANG_ANALYZER_NONNULL = YES;
				CLANG_ANALYZER_NUMBER_OBJECT_CONVERSION = YES_AGGRESSIVE;
				CLANG_CXX_LANGUAGE_STANDARD = "gnu++14";
				CLANG_CXX_LIBRARY = "libc++";
				CLANG_ENABLE_MODULES = YES;
				CLANG_ENABLE_OBJC_ARC = YES;
				CLANG_ENABLE_OBJC_WEAK = YES;
				CLANG_WARN_BLOCK_CAPTURE_AUTORELEASING = YES;
				CLANG_WARN_BOOL_CONVERSION = YES;
				CLANG_WARN_COMMA = YES;
				CLANG_WARN_CONSTANT_CONVERSION = YES;
				CLANG_WARN_DEPRECATED_OBJC_IMPLEMENTATIONS = YES;
				CLANG_WARN_DIRECT_OBJC_ISA_USAGE = YES_ERROR;
				CLANG_WARN_DOCUMENTATION_COMMENTS = YES;
				CLANG_WARN_EMPTY_BODY = YES;
				CLANG_WARN_ENUM_CONVERSION = YES;
				CLANG_WARN_INFINITE_RECURSION = YES;
				CLANG_WARN_INT_CONVERSION = YES;
				CLANG_WARN_NON_LITERAL_NULL_CONVERSION = YES;
				CLANG_WARN_OBJC_IMPLICIT_RETAIN_SELF = YES;
				CLANG_WARN_OBJC_LITERAL_CONVERSION = YES;
				CLANG_WARN_OBJC_ROOT_CLASS = YES_ERROR;
				CLANG_WARN_QUOTED_INCLUDE_IN_FRAMEWORK_HEADER = YES;
				CLANG_WARN_RANGE_LOOP_ANALYSIS = YES;
				CLANG_WARN_STRICT_PROTOTYPES = YES;
				CLANG_WARN_SUSPICIOUS_MOVE = YES;
				CLANG_WARN_UNGUARDED_AVAILABILITY = YES_AGGRESSIVE;
				CLANG_WARN_UNREACHABLE_CODE = YES;
				CLANG_WARN__DUPLICATE_METHOD_MATCH = YES;
				COPY_PHASE_STRIP = NO;
				DEBUG_INFORMATION_FORMAT = "dwarf-with-dsym";
				ENABLE_NS_ASSERTIONS = NO;
				ENABLE_STRICT_OBJC_MSGSEND = YES;
				GCC_C_LANGUAGE_STANDARD = gnu11;
				GCC_NO_COMMON_BLOCKS = YES;
				GCC_WARN_64_TO_32_BIT_CONVERSION = YES;
				GCC_WARN_ABOUT_RETURN_TYPE = YES_ERROR;
				GCC_WARN_UNDECLARED_SELECTOR = YES;
				GCC_WARN_UNINITIALIZED_AUTOS = YES_AGGRESSIVE;
				GCC_WARN_UNUSED_FUNCTION = YES;
				GCC_WARN_UNUSED_VARIABLE = YES;
				MACOSX_DEPLOYMENT_TARGET = 11.1;
				MTL_ENABLE_DEBUG_INFO = NO;
				MTL_FAST_MATH = YES;
				SDKROOT = macosx;
				SWIFT_COMPILATION_MODE = wholemodule;
				SWIFT_OPTIMIZATION_LEVEL = "-O";
			};
			name = Release;
		};
		16B16572267F5661000B9ABD /* Debug */ = {
			isa = XCBuildConfiguration;
			buildSettings = {
				ASSETCATALOG_COMPILER_APPICON_NAME = AppIcon;
				ASSETCATALOG_COMPILER_GLOBAL_ACCENT_COLOR_NAME = AccentColor;
				CODE_SIGN_ENTITLEMENTS = MyFirstMetalProgram/MyFirstMetalProgram.entitlements;
				CODE_SIGN_IDENTITY = "-";
				CODE_SIGN_STYLE = Automatic;
				COMBINE_HIDPI_IMAGES = YES;
				DEVELOPMENT_TEAM = "";
				INFOPLIST_FILE = MyFirstMetalProgram/Info.plist;
				LD_RUNPATH_SEARCH_PATHS = (
					"$(inherited)",
					"@executable_path/../Frameworks",
				);
				PRODUCT_BUNDLE_IDENTIFIER = com.jaraffe.MyFirstMetalProgram;
				PRODUCT_NAME = "$(TARGET_NAME)";
				SWIFT_VERSION = 5.0;
			};
			name = Debug;
		};
		16B16573267F5661000B9ABD /* Release */ = {
			isa = XCBuildConfiguration;
			buildSettings = {
				ASSETCATALOG_COMPILER_APPICON_NAME = AppIcon;
				ASSETCATALOG_COMPILER_GLOBAL_ACCENT_COLOR_NAME = AccentColor;
				CODE_SIGN_ENTITLEMENTS = MyFirstMetalProgram/MyFirstMetalProgram.entitlements;
				CODE_SIGN_IDENTITY = "-";
				CODE_SIGN_STYLE = Automatic;
				COMBINE_HIDPI_IMAGES = YES;
				DEVELOPMENT_TEAM = "";
				INFOPLIST_FILE = MyFirstMetalProgram/Info.plist;
				LD_RUNPATH_SEARCH_PATHS = (
					"$(inherited)",
					"@executable_path/../Frameworks",
				);
				PRODUCT_BUNDLE_IDENTIFIER = com.jaraffe.MyFirstMetalProgram;
				PRODUCT_NAME = "$(TARGET_NAME)";
				SWIFT_VERSION = 5.0;
			};
			name = Release;
		};
/* End XCBuildConfiguration section */

/* Begin XCConfigurationList section */
		16B1655C267F5660000B9ABD /* Build configuration list for PBXProject "MyFirstMetalProgram" */ = {
			isa = XCConfigurationList;
			buildConfigurations = (
				16B1656F267F5661000B9ABD /* Debug */,
				16B16570267F5661000B9ABD /* Release */,
			);
			defaultConfigurationIsVisible = 0;
			defaultConfigurationName = Release;
		};
		16B16571267F5661000B9ABD /* Build configuration list for PBXNativeTarget "MyFirstMetalProgram" */ = {
			isa = XCConfigurationList;
			buildConfigurations = (
				16B16572267F5661000B9ABD /* Debug */,
				16B16573267F5661000B9ABD /* Release */,
			);
			defaultConfigurationIsVisible = 0;
			defaultConfigurationName = Release;
		};
/* End XCConfigurationList section */
	};
	rootObject = 16B16559267F5660000B9ABD /* Project object */;
}
